
Microsoft Visual Studio Solution File, Format Version 12.00
# Visual Studio Version 16
VisualStudioVersion = 25.0.1700.0
MinimumVisualStudioVersion = 10.0.40219.1
Project("{FAE04EC0-301F-11D3-BF4B-00C04F79EFBC}") = "Tax.Controller", "TaxService\Tax.Controller.csproj", "{8FD87D99-F162-4751-A608-7F0D36C63297}"
EndProject
Project("{FAE04EC0-301F-11D3-BF4B-00C04F79EFBC}") = "Tax.Processor", "Tax.Processoor\Tax.Processor.csproj", "{C4173A89-D782-4719-9E37-C3AC699FA59C}"
EndProject
Project("{FAE04EC0-301F-11D3-BF4B-00C04F79EFBC}") = "Tax.Common", "Tax.Common\Tax.Common.csproj", "{3F181A3C-20D8-46A1-B3D4-952DFC682273}"
EndProject
Project("{FAE04EC0-301F-11D3-BF4B-00C04F79EFBC}") = "Tax.Test", "Tax.Test\Tax.Test.csproj", "{5192DAFC-1FA2-4AC6-A4E8-EFE1AD4112E1}"
EndProject
Global
	GlobalSection(SolutionConfigurationPlatforms) = preSolution
		Debug|Any CPU = Debug|Any CPU
		Release|Any CPU = Release|Any CPU
	EndGlobalSection
	GlobalSection(ProjectConfigurationPlatforms) = postSolution
		{8FD87D99-F162-4751-A608-7F0D36C63297}.Debug|Any CPU.ActiveCfg = Debug|Any CPU
		{8FD87D99-F162-4751-A608-7F0D36C63297}.Debug|Any CPU.Build.0 = Debug|Any CPU
		{8FD87D99-F162-4751-A608-7F0D36C63297}.Release|Any CPU.ActiveCfg = Release|Any CPU
		{8FD87D99-F162-4751-A608-7F0D36C63297}.Release|Any CPU.Build.0 = Release|Any CPU
		{C4173A89-D782-4719-9E37-C3AC699FA59C}.Debug|Any CPU.ActiveCfg = Debug|Any CPU
		{C4173A89-D782-4719-9E37-C3AC699FA59C}.Debug|Any CPU.Build.0 = Debug|Any CPU
		{C4173A89-D782-4719-9E37-C3AC699FA59C}.Release|Any CPU.ActiveCfg = Release|Any CPU
		{C4173A89-D782-4719-9E37-C3AC699FA59C}.Release|Any CPU.Build.0 = Release|Any CPU
		{3F181A3C-20D8-46A1-B3D4-952DFC682273}.Debug|Any CPU.ActiveCfg = Debug|Any CPU
		{3F181A3C-20D8-46A1-B3D4-952DFC682273}.Debug|Any CPU.Build.0 = Debug|Any CPU
		{3F181A3C-20D8-46A1-B3D4-952DFC682273}.Release|Any CPU.ActiveCfg = Release|Any CPU
		{3F181A3C-20D8-46A1-B3D4-952DFC682273}.Release|Any CPU.Build.0 = Release|Any CPU
		{5192DAFC-1FA2-4AC6-A4E8-EFE1AD4112E1}.Debug|Any CPU.ActiveCfg = Debug|Any CPU
		{5192DAFC-1FA2-4AC6-A4E8-EFE1AD4112E1}.Debug|Any CPU.Build.0 = Debug|Any CPU
		{5192DAFC-1FA2-4AC6-A4E8-EFE1AD4112E1}.Release|Any CPU.ActiveCfg = Release|Any CPU
		{5192DAFC-1FA2-4AC6-A4E8-EFE1AD4112E1}.Release|Any CPU.Build.0 = Release|Any CPU
	EndGlobalSection
	GlobalSection(SolutionProperties) = preSolution
		HideSolutionNode = FALSE
	EndGlobalSection
	GlobalSection(ExtensibilityGlobals) = postSolution
		SolutionGuid = {A2C84574-A374-4DD5-AB5F-57DB25E33BB1}
	EndGlobalSection
EndGlobal
